<?xml version="1.0" encoding="utf-8"?>
<Project ToolsVersion="4.0" xmlns="http://schemas.microsoft.com/developer/msbuild/2003">
  <ItemGroup>
    <ClCompile Include="UI\Windows\AddCollectionWindow.cpp">
      <Filter>UI\Windows\Source</Filter>
    </ClCompile>
    <ClCompile Include="UI\Windows\AspRatPickerWindow.cpp">
      <Filter>UI\Windows\Source</Filter>
    </ClCompile>
    <ClCompile Include="UI\Windows\ResPickerWindow.cpp">
      <Filter>UI\Windows\Source</Filter>
    </ClCompile>
    <ClCompile Include="UI\Windows\SetLocalCollectionWindow.cpp">
      <Filter>UI\Windows\Source</Filter>
    </ClCompile>
    <ClCompile Include="UI\Windows\SetSearchCollectionWindow.cpp">
      <Filter>UI\Windows\Source</Filter>
    </ClCompile>
    <ClCompile Include="UI\Windows\SettingsWindow.cpp">
      <Filter>UI\Windows\Source</Filter>
    </ClCompile>
    <ClCompile Include="UI\Windows\SetUserCollectionWindow.cpp">
      <Filter>UI\Windows\Source</Filter>
    </ClCompile>
    <ClCompile Include="UI\Windows\ColorPickerWindow.cpp">
      <Filter>UI\Windows\Source</Filter>
    </ClCompile>
    <ClCompile Include="Collections\SearchCollection.cpp">
      <Filter>Collections\Source</Filter>
    </ClCompile>
    <ClCompile Include="Collections\UserCollection.cpp">
      <Filter>Collections\Source</Filter>
    </ClCompile>
    <ClCompile Include="Collections\LocalCollection.cpp">
      <Filter>Collections\Source</Filter>
    </ClCompile>
    <ClCompile Include="Collections\CollectionManager.cpp">
      <Filter>Collections\Source</Filter>
    </ClCompile>
    <ClCompile Include="UI\Windows\MainWindow.cpp">
      <Filter>UI\Windows\Source</Filter>
    </ClCompile>
    <ClCompile Include="UI\Windows\TrayWindow.cpp">
      <Filter>UI\Windows\Source</Filter>
    </ClCompile>
    <ClCompile Include="UI\Components\ColorButton.cpp">
      <Filter>UI\Components\Source</Filter>
    </ClCompile>
    <ClCompile Include="UI\Components\PushButton.cpp">
      <Filter>UI\Components\Source</Filter>
    </ClCompile>
    <ClCompile Include="WinMain.cpp">
      <Filter>Source</Filter>
    </ClCompile>
    <ClCompile Include="Settings.cpp">
      <Filter>Source</Filter>
    </ClCompile>
    <ClCompile Include="Internet.cpp">
      <Filter>Source</Filter>
    </ClCompile>
    <ClCompile Include="Filesystem.cpp">
      <Filter>Source</Filter>
    </ClCompile>
    <ClCompile Include="Delay.cpp">
      <Filter>Source</Filter>
    </ClCompile>
    <ClCompile Include="Wallpaper.cpp">
      <Filter>Source</Filter>
    </ClCompile>
    <ClCompile Include="UI\Components\CheckBox.cpp">
      <Filter>UI\Components\Source</Filter>
    </ClCompile>
    <ClCompile Include="UI\Components\IconButton.cpp">
      <Filter>UI\Components\Source</Filter>
    </ClCompile>
    <ClCompile Include="UI\Components\UpDownEdit.cpp">
      <Filter>UI\Components\Source</Filter>
    </ClCompile>
    <ClCompile Include="UI\Compositions\CategoriesAndPurity.cpp">
      <Filter>UI\Clusters</Filter>
    </ClCompile>
    <ClCompile Include="UI\Compositions\CollectionItem.cpp">
      <Filter>UI\Clusters</Filter>
    </ClCompile>
    <ClCompile Include="UI\Compositions\Player.cpp">
      <Filter>UI\Clusters</Filter>
    </ClCompile>
    <ClCompile Include="UI\Interfaces\HMenuGenerator.cpp">
      <Filter>UI\Interfaces</Filter>
    </ClCompile>
    <ClCompile Include="UI\Components\ComboBox.cpp">
      <Filter>UI\Components\Source</Filter>
    </ClCompile>
    <ClCompile Include="UI\Components\Edit.cpp">
      <Filter>UI\Components\Source</Filter>
    </ClCompile>
    <ClCompile Include="UI\Components\Static.cpp">
      <Filter>UI\Components\Source</Filter>
    </ClCompile>
    <ClCompile Include="UI\Components\Button.cpp">
      <Filter>UI\Components\Source</Filter>
    </ClCompile>
    <ClCompile Include="UI\WindowStyles.cpp">
      <Filter>UI</Filter>
    </ClCompile>
    <ClCompile Include="UI\Interfaces\IClickable.cpp">
      <Filter>UI\Interfaces</Filter>
    </ClCompile>
    <ClCompile Include="UI\Interfaces\IHoverable.cpp">
      <Filter>UI\Interfaces</Filter>
    </ClCompile>
    <ClCompile Include="AppMutex.cpp">
      <Filter>Source</Filter>
    </ClCompile>
  </ItemGroup>
  <ItemGroup>
    <ClInclude Include="UI\Windows\AddCollectionWindow.h">
      <Filter>UI\Windows\Headers</Filter>
    </ClInclude>
    <ClInclude Include="UI\Windows\AspRatPickerWindow.h">
      <Filter>UI\Windows\Headers</Filter>
    </ClInclude>
    <ClInclude Include="UI\Windows\ColorPickerWindow.h">
      <Filter>UI\Windows\Headers</Filter>
    </ClInclude>
    <ClInclude Include="UI\Windows\SetLocalCollectionWindow.h">
      <Filter>UI\Windows\Headers</Filter>
    </ClInclude>
    <ClInclude Include="UI\Windows\SetSearchCollectionWindow.h">
      <Filter>UI\Windows\Headers</Filter>
    </ClInclude>
    <ClInclude Include="UI\Windows\ResPickerWindow.h">
      <Filter>UI\Windows\Headers</Filter>
    </ClInclude>
    <ClInclude Include="UI\Windows\SettingsWindow.h">
      <Filter>UI\Windows\Headers</Filter>
    </ClInclude>
    <ClInclude Include="UI\Windows\SetUserCollectionWindow.h">
      <Filter>UI\Windows\Headers</Filter>
    </ClInclude>
    <ClInclude Include="UI\Interfaces\BaseWindow.h">
      <Filter>UI\Windows\Headers</Filter>
    </ClInclude>
    <ClInclude Include="Collections\BaseCollection.h">
      <Filter>Collections\Headers</Filter>
    </ClInclude>
    <ClInclude Include="Collections\CollectionManager.h">
      <Filter>Collections\Headers</Filter>
    </ClInclude>
    <ClInclude Include="Collections\LocalCollection.h">
      <Filter>Collections\Headers</Filter>
    </ClInclude>
    <ClInclude Include="Collections\SearchCollection.h">
      <Filter>Collections\Headers</Filter>
    </ClInclude>
    <ClInclude Include="Collections\UserCollection.h">
      <Filter>Collections\Headers</Filter>
    </ClInclude>
    <ClInclude Include="UI\Windows\TrayWindow.h">
      <Filter>UI\Windows\Headers</Filter>
    </ClInclude>
    <ClInclude Include="UI\Windows\MainWindow.h">
      <Filter>UI\Windows\Headers</Filter>
    </ClInclude>
    <ClInclude Include="UI\Components\Button.h">
      <Filter>UI\Components\Headers</Filter>
    </ClInclude>
    <ClInclude Include="UI\Components\CheckBox.h">
      <Filter>UI\Components\Headers</Filter>
    </ClInclude>
    <ClInclude Include="UI\Components\ColorButton.h">
      <Filter>UI\Components\Headers</Filter>
    </ClInclude>
    <ClInclude Include="UI\Components\ComboBox.h">
      <Filter>UI\Components\Headers</Filter>
    </ClInclude>
    <ClInclude Include="UI\Components\Edit.h">
      <Filter>UI\Components\Headers</Filter>
    </ClInclude>
    <ClInclude Include="UI\Components\PushButton.h">
      <Filter>UI\Components\Headers</Filter>
    </ClInclude>
    <ClInclude Include="UI\Components\UpDownEdit.h">
      <Filter>UI\Components\Headers</Filter>
    </ClInclude>
    <ClInclude Include="UI\Components\Static.h">
      <Filter>UI\Components\Headers</Filter>
    </ClInclude>
    <ClInclude Include="Internet.h">
      <Filter>Headers</Filter>
    </ClInclude>
    <ClInclude Include="Settings.h">
      <Filter>Headers</Filter>
    </ClInclude>
    <ClInclude Include="resource.h">
      <Filter>UI\Resources</Filter>
    </ClInclude>
    <ClInclude Include="Filesystem.h">
      <Filter>Headers</Filter>
    </ClInclude>
    <ClInclude Include="Delay.h">
      <Filter>Headers</Filter>
    </ClInclude>
    <ClInclude Include="Wallpaper.h">
      <Filter>Headers</Filter>
    </ClInclude>
    <ClInclude Include="UI\Components\IconButton.h">
      <Filter>UI\Components\Headers</Filter>
    </ClInclude>
    <ClInclude Include="UI\Interfaces\IHoverable.h">
      <Filter>UI\Interfaces</Filter>
    </ClInclude>
    <ClInclude Include="UI\Interfaces\IComponent.h">
      <Filter>UI\Interfaces</Filter>
    </ClInclude>
    <ClInclude Include="UI\Interfaces\IClickable.h">
      <Filter>UI\Interfaces</Filter>
    </ClInclude>
    <ClInclude Include="UI\Compositions\CategoriesAndPurity.h">
      <Filter>UI\Clusters</Filter>
    </ClInclude>
    <ClInclude Include="UI\Compositions\Player.h">
      <Filter>UI\Clusters</Filter>
    </ClInclude>
    <ClInclude Include="UI\Compositions\CollectionItem.h">
      <Filter>UI\Clusters</Filter>
    </ClInclude>
    <ClInclude Include="UI\Interfaces\HMenuGenerator.h">
      <Filter>UI\Interfaces</Filter>
    </ClInclude>
    <ClInclude Include="UI\WindowStyles.h">
      <Filter>UI</Filter>
    </ClInclude>
    <ClInclude Include="AppMutex.h">
      <Filter>Headers</Filter>
    </ClInclude>
  </ItemGroup>
  <ItemGroup>
    <Image Include="UI\Icons\Prev_disabled.ico">
      <Filter>UI\Resources</Filter>
    </Image>
    <Image Include="UI\Icons\Play_activated.ico">
      <Filter>UI\Resources</Filter>
    </Image>
    <Image Include="UI\Icons\Pause_activated.ico">
      <Filter>UI\Resources</Filter>
    </Image>
    <Image Include="UI\Icons\Open_external.ico">
      <Filter>UI\Resources</Filter>
    </Image>
    <Image Include="UI\Icons\Next.ico">
      <Filter>UI\Resources</Filter>
    </Image>
    <Image Include="UI\Icons\Pause.ico">
      <Filter>UI\Resources</Filter>
    </Image>
    <Image Include="UI\Icons\Play.ico">
      <Filter>UI\Resources</Filter>
    </Image>
    <Image Include="UI\Icons\Prev.ico">
      <Filter>UI\Resources</Filter>
    </Image>
    <Image Include="UI\Icons\Delete.ico">
      <Filter>UI\Resources</Filter>
    </Image>
    <Image Include="UI\Icons\Options.ico">
      <Filter>UI\Resources</Filter>
    </Image>
    <Image Include="UI\Icons\CheckBox.ico">
      <Filter>UI\Resources</Filter>
    </Image>
    <Image Include="UI\Icons\CheckBox_checked.ico">
      <Filter>UI\Resources</Filter>
    </Image>
    <Image Include="UI\Icons\CheckBox_checked_hover.ico">
      <Filter>UI\Resources</Filter>
    </Image>
    <Image Include="UI\Icons\CheckBox_hover.ico">
      <Filter>UI\Resources</Filter>
    </Image>
    <Image Include="UI\Icons\Options_hover.ico">
      <Filter>UI\Resources</Filter>
    </Image>
    <Image Include="UI\Icons\Play_hover.ico">
      <Filter>UI\Resources</Filter>
    </Image>
    <Image Include="UI\Icons\App.ico">
      <Filter>UI\Resources</Filter>
    </Image>
    <Image Include="UI\Icons\Delete_hover.ico">
      <Filter>UI\Resources</Filter>
    </Image>
    <Image Include="UI\Icons\Pause_hover.ico">
      <Filter>UI\Resources</Filter>
    </Image>
    <Image Include="UI\Icons\Prev_hover.ico">
      <Filter>UI\Resources</Filter>
    </Image>
    <Image Include="UI\Icons\Open_external_hover.ico">
      <Filter>UI\Resources</Filter>
    </Image>
    <Image Include="UI\Icons\Next_hover.ico">
      <Filter>UI\Resources</Filter>
    </Image>
    <Image Include="UI\Icons\Check_black.ico">
      <Filter>UI\Resources</Filter>
    </Image>
    <Image Include="UI\Icons\Check_white.ico">
      <Filter>UI\Resources</Filter>
    </Image>
    <Image Include="UI\Icons\ColorEmpty.ico">
      <Filter>UI\Resources</Filter>
    </Image>
  </ItemGroup>
  <ItemGroup>
    <Filter Include="Collections">
      <UniqueIdentifier>{fba6911a-e7bd-4dc4-9a56-c44a7aae1787}</UniqueIdentifier>
    </Filter>
    <Filter Include="Collections\Headers">
      <UniqueIdentifier>{3fd73530-fb78-4906-b4a5-9c4a91eac5c5}</UniqueIdentifier>
    </Filter>
    <Filter Include="Collections\Source">
      <UniqueIdentifier>{013ed8fd-def2-4c0b-ad5b-e602635d7c81}</UniqueIdentifier>
    </Filter>
    <Filter Include="Headers">
      <UniqueIdentifier>{4c76c573-0ae6-4a0c-80a6-d4413e4c05ac}</UniqueIdentifier>
    </Filter>
    <Filter Include="Source">
      <UniqueIdentifier>{6c9fb727-7a60-4c52-a482-352a7c53fb28}</UniqueIdentifier>
    </Filter>
    <Filter Include="UI">
      <UniqueIdentifier>{c3caec5b-8b21-469c-a2ac-9f5a931d701f}</UniqueIdentifier>
    </Filter>
    <Filter Include="UI\Windows">
      <UniqueIdentifier>{ab064bd1-896b-4703-9bac-1a9dbdcb3a3e}</UniqueIdentifier>
    </Filter>
    <Filter Include="UI\Windows\Source">
      <UniqueIdentifier>{224df574-79ec-4779-b1f9-21e3f1b8f876}</UniqueIdentifier>
    </Filter>
    <Filter Include="UI\Windows\Headers">
      <UniqueIdentifier>{5a25c753-c1d2-4a64-a177-00024cf0b779}</UniqueIdentifier>
    </Filter>
    <Filter Include="UI\Components">
      <UniqueIdentifier>{ee5eec08-048c-48fb-8813-8c06526c7ba6}</UniqueIdentifier>
    </Filter>
    <Filter Include="UI\Components\Headers">
      <UniqueIdentifier>{20e388b9-4e7a-47c1-9133-8ccbaa833ba5}</UniqueIdentifier>
    </Filter>
    <Filter Include="UI\Components\Source">
      <UniqueIdentifier>{39690463-42b8-4720-b77b-254c301003de}</UniqueIdentifier>
    </Filter>
    <Filter Include="UI\Clusters">
      <UniqueIdentifier>{0f39ba96-79b1-4093-af73-0703a38c8327}</UniqueIdentifier>
    </Filter>
    <Filter Include="UI\Resources">
      <UniqueIdentifier>{5ca111ee-2caa-4b9c-b9cd-29d436f46d02}</UniqueIdentifier>
    </Filter>
    <Filter Include="UI\Interfaces">
      <UniqueIdentifier>{874cfa02-970e-4584-9a3a-f66887a7fb27}</UniqueIdentifier>
    </Filter>
  </ItemGroup>
  <ItemGroup>
    <ResourceCompile Include="Wallomizer.rc">
      <Filter>UI\Resources</Filter>
    </ResourceCompile>
  </ItemGroup>
</Project>